// !$*UTF8*$!
{
	archiveVersion = 1;
	classes = {
	};
	objectVersion = 56;
	objects = {

/* Begin PBXBuildFile section */
		F231F9B52BB1879C00816828 /* AppDelegate.swift in Sources */ = {isa = PBXBuildFile; fileRef = F231F9B42BB1879C00816828 /* AppDelegate.swift */; };
		F231F9B92BB1879C00816828 /* ArtworkListViewController.swift in Sources */ = {isa = PBXBuildFile; fileRef = F231F9B82BB1879C00816828 /* ArtworkListViewController.swift */; };
		F231F9BE2BB1879C00816828 /* Assets.xcassets in Resources */ = {isa = PBXBuildFile; fileRef = F231F9BD2BB1879C00816828 /* Assets.xcassets */; };
		F231F9C12BB1879C00816828 /* Base in Resources */ = {isa = PBXBuildFile; fileRef = F231F9C02BB1879C00816828 /* Base */; };
		F251EEAC2BBE02CD00F5B464 /* HeaderCollectionReusableView.swift in Sources */ = {isa = PBXBuildFile; fileRef = F251EEAB2BBE02CD00F5B464 /* HeaderCollectionReusableView.swift */; };
		F251EEB02BBE0A2E00F5B464 /* ArtworkType.swift in Sources */ = {isa = PBXBuildFile; fileRef = F251EEAF2BBE0A2E00F5B464 /* ArtworkType.swift */; };
		F251EEB42BBE0DE600F5B464 /* ArtObject.swift in Sources */ = {isa = PBXBuildFile; fileRef = F251EEB32BBE0DE600F5B464 /* ArtObject.swift */; };
		F251EEB82BBE123800F5B464 /* WebImage.swift in Sources */ = {isa = PBXBuildFile; fileRef = F251EEB72BBE123800F5B464 /* WebImage.swift */; };
		F251EEBD2BBEB7C100F5B464 /* ArtCollectionWebservice.swift in Sources */ = {isa = PBXBuildFile; fileRef = F251EEBC2BBEB7C100F5B464 /* ArtCollectionWebservice.swift */; };
		F251EEBF2BBEB7E000F5B464 /* GetCollectionResponse.swift in Sources */ = {isa = PBXBuildFile; fileRef = F251EEBE2BBEB7E000F5B464 /* GetCollectionResponse.swift */; };
		F251EECB2BC3FDB900F5B464 /* MockArtworks.swift in Sources */ = {isa = PBXBuildFile; fileRef = F251EECA2BC3FDB900F5B464 /* MockArtworks.swift */; };
		F251EED02BC40BE800F5B464 /* GetPortraits.swift in Sources */ = {isa = PBXBuildFile; fileRef = F251EECF2BC40BE800F5B464 /* GetPortraits.swift */; };
		F251EED22BC40C9300F5B464 /* WebserviceError.swift in Sources */ = {isa = PBXBuildFile; fileRef = F251EED12BC40C9300F5B464 /* WebserviceError.swift */; };
		F251EED42BC40CC100F5B464 /* ArtCollectionWebserviceProtocol.swift in Sources */ = {isa = PBXBuildFile; fileRef = F251EED32BC40CC100F5B464 /* ArtCollectionWebserviceProtocol.swift */; };
		F251EEDC2BC4114A00F5B464 /* AppConfig.swift in Sources */ = {isa = PBXBuildFile; fileRef = F251EEDB2BC4114A00F5B464 /* AppConfig.swift */; };
		F251EEE02BC4183100F5B464 /* GetLandscapes.swift in Sources */ = {isa = PBXBuildFile; fileRef = F251EEDF2BC4183100F5B464 /* GetLandscapes.swift */; };
		F251EEE22BC4368E00F5B464 /* ImageState.swift in Sources */ = {isa = PBXBuildFile; fileRef = F251EEE12BC4368E00F5B464 /* ImageState.swift */; };
		F251EEE72BC446BC00F5B464 /* GetArtworksProtocol.swift in Sources */ = {isa = PBXBuildFile; fileRef = F251EEE62BC446BC00F5B464 /* GetArtworksProtocol.swift */; };
		F251EEF62BC4949D00F5B464 /* GetPortraitsTests.swift in Sources */ = {isa = PBXBuildFile; fileRef = F251EEF52BC4949D00F5B464 /* GetPortraitsTests.swift */; };
		F251EEFC2BC4977500F5B464 /* MockArtCollectionWebservice.swift in Sources */ = {isa = PBXBuildFile; fileRef = F251EEFB2BC4977500F5B464 /* MockArtCollectionWebservice.swift */; };
		F251EEFF2BC4A84C00F5B464 /* ArtworkViewController.swift in Sources */ = {isa = PBXBuildFile; fileRef = F251EEFE2BC4A84C00F5B464 /* ArtworkViewController.swift */; };
		F251EF012BC4A89700F5B464 /* ArtworkViewModel.swift in Sources */ = {isa = PBXBuildFile; fileRef = F251EF002BC4A89700F5B464 /* ArtworkViewModel.swift */; };
		F251EF052BC4AA3900F5B464 /* ArtworkListRouter.swift in Sources */ = {isa = PBXBuildFile; fileRef = F251EF042BC4AA3900F5B464 /* ArtworkListRouter.swift */; };
		F251EF092BC4AD6D00F5B464 /* CanDownloadImage.swift in Sources */ = {isa = PBXBuildFile; fileRef = F251EF082BC4AD6D00F5B464 /* CanDownloadImage.swift */; };
		F2E675EA2BB1B71C00F878D7 /* ArtworkListViewModel.swift in Sources */ = {isa = PBXBuildFile; fileRef = F2E675E92BB1B71C00F878D7 /* ArtworkListViewModel.swift */; };
		F2E675EC2BB1BAFF00F878D7 /* Artwork.swift in Sources */ = {isa = PBXBuildFile; fileRef = F2E675EB2BB1BAFF00F878D7 /* Artwork.swift */; };
		F2E675EE2BB1D32700F878D7 /* ArtworkCollectionViewCell.swift in Sources */ = {isa = PBXBuildFile; fileRef = F2E675ED2BB1D32700F878D7 /* ArtworkCollectionViewCell.swift */; };
/* End PBXBuildFile section */

/* Begin PBXContainerItemProxy section */
		F251EEF02BC4945800F5B464 /* PBXContainerItemProxy */ = {
			isa = PBXContainerItemProxy;
			containerPortal = F231F9A92BB1879C00816828 /* Project object */;
			proxyType = 1;
			remoteGlobalIDString = F231F9B02BB1879C00816828;
			remoteInfo = Muse;
		};
/* End PBXContainerItemProxy section */

/* Begin PBXFileReference section */
		F231F9B12BB1879C00816828 /* Muse.app */ = {isa = PBXFileReference; explicitFileType = wrapper.application; includeInIndex = 0; path = Muse.app; sourceTree = BUILT_PRODUCTS_DIR; };
		F231F9B42BB1879C00816828 /* AppDelegate.swift */ = {isa = PBXFileReference; lastKnownFileType = sourcecode.swift; path = AppDelegate.swift; sourceTree = "<group>"; };
		F231F9B82BB1879C00816828 /* ArtworkListViewController.swift */ = {isa = PBXFileReference; lastKnownFileType = sourcecode.swift; path = ArtworkListViewController.swift; sourceTree = "<group>"; };
		F231F9BD2BB1879C00816828 /* Assets.xcassets */ = {isa = PBXFileReference; lastKnownFileType = folder.assetcatalog; path = Assets.xcassets; sourceTree = "<group>"; };
		F231F9C02BB1879C00816828 /* Base */ = {isa = PBXFileReference; lastKnownFileType = file.storyboard; name = Base; path = Base.lproj/LaunchScreen.storyboard; sourceTree = "<group>"; };
		F231F9C22BB1879C00816828 /* Info.plist */ = {isa = PBXFileReference; lastKnownFileType = text.plist.xml; path = Info.plist; sourceTree = "<group>"; };
		F251EEAB2BBE02CD00F5B464 /* HeaderCollectionReusableView.swift */ = {isa = PBXFileReference; lastKnownFileType = sourcecode.swift; path = HeaderCollectionReusableView.swift; sourceTree = "<group>"; };
		F251EEAF2BBE0A2E00F5B464 /* ArtworkType.swift */ = {isa = PBXFileReference; lastKnownFileType = sourcecode.swift; path = ArtworkType.swift; sourceTree = "<group>"; };
		F251EEB32BBE0DE600F5B464 /* ArtObject.swift */ = {isa = PBXFileReference; lastKnownFileType = sourcecode.swift; path = ArtObject.swift; sourceTree = "<group>"; };
		F251EEB72BBE123800F5B464 /* WebImage.swift */ = {isa = PBXFileReference; lastKnownFileType = sourcecode.swift; path = WebImage.swift; sourceTree = "<group>"; };
		F251EEBC2BBEB7C100F5B464 /* ArtCollectionWebservice.swift */ = {isa = PBXFileReference; lastKnownFileType = sourcecode.swift; path = ArtCollectionWebservice.swift; sourceTree = "<group>"; };
		F251EEBE2BBEB7E000F5B464 /* GetCollectionResponse.swift */ = {isa = PBXFileReference; lastKnownFileType = sourcecode.swift; path = GetCollectionResponse.swift; sourceTree = "<group>"; };
		F251EECA2BC3FDB900F5B464 /* MockArtworks.swift */ = {isa = PBXFileReference; lastKnownFileType = sourcecode.swift; path = MockArtworks.swift; sourceTree = "<group>"; };
		F251EECF2BC40BE800F5B464 /* GetPortraits.swift */ = {isa = PBXFileReference; lastKnownFileType = sourcecode.swift; path = GetPortraits.swift; sourceTree = "<group>"; };
		F251EED12BC40C9300F5B464 /* WebserviceError.swift */ = {isa = PBXFileReference; lastKnownFileType = sourcecode.swift; path = WebserviceError.swift; sourceTree = "<group>"; };
		F251EED32BC40CC100F5B464 /* ArtCollectionWebserviceProtocol.swift */ = {isa = PBXFileReference; lastKnownFileType = sourcecode.swift; path = ArtCollectionWebserviceProtocol.swift; sourceTree = "<group>"; };
		F251EED92BC4107B00F5B464 /* ConfigDebug.xcconfig */ = {isa = PBXFileReference; lastKnownFileType = text.xcconfig; path = ConfigDebug.xcconfig; sourceTree = "<group>"; };
		F251EEDA2BC4108D00F5B464 /* Config.xcconfig */ = {isa = PBXFileReference; lastKnownFileType = text.xcconfig; path = Config.xcconfig; sourceTree = "<group>"; };
		F251EEDB2BC4114A00F5B464 /* AppConfig.swift */ = {isa = PBXFileReference; lastKnownFileType = sourcecode.swift; path = AppConfig.swift; sourceTree = "<group>"; };
		F251EEDF2BC4183100F5B464 /* GetLandscapes.swift */ = {isa = PBXFileReference; lastKnownFileType = sourcecode.swift; path = GetLandscapes.swift; sourceTree = "<group>"; };
		F251EEE12BC4368E00F5B464 /* ImageState.swift */ = {isa = PBXFileReference; lastKnownFileType = sourcecode.swift; path = ImageState.swift; sourceTree = "<group>"; };
		F251EEE62BC446BC00F5B464 /* GetArtworksProtocol.swift */ = {isa = PBXFileReference; lastKnownFileType = sourcecode.swift; path = GetArtworksProtocol.swift; sourceTree = "<group>"; };
		F251EEEC2BC4945800F5B464 /* MuseTests.xctest */ = {isa = PBXFileReference; explicitFileType = wrapper.cfbundle; includeInIndex = 0; path = MuseTests.xctest; sourceTree = BUILT_PRODUCTS_DIR; };
		F251EEF52BC4949D00F5B464 /* GetPortraitsTests.swift */ = {isa = PBXFileReference; lastKnownFileType = sourcecode.swift; path = GetPortraitsTests.swift; sourceTree = "<group>"; };
		F251EEFB2BC4977500F5B464 /* MockArtCollectionWebservice.swift */ = {isa = PBXFileReference; lastKnownFileType = sourcecode.swift; path = MockArtCollectionWebservice.swift; sourceTree = "<group>"; };
		F251EEFE2BC4A84C00F5B464 /* ArtworkViewController.swift */ = {isa = PBXFileReference; lastKnownFileType = sourcecode.swift; path = ArtworkViewController.swift; sourceTree = "<group>"; };
		F251EF002BC4A89700F5B464 /* ArtworkViewModel.swift */ = {isa = PBXFileReference; lastKnownFileType = sourcecode.swift; path = ArtworkViewModel.swift; sourceTree = "<group>"; };
		F251EF042BC4AA3900F5B464 /* ArtworkListRouter.swift */ = {isa = PBXFileReference; lastKnownFileType = sourcecode.swift; path = ArtworkListRouter.swift; sourceTree = "<group>"; };
		F251EF082BC4AD6D00F5B464 /* CanDownloadImage.swift */ = {isa = PBXFileReference; lastKnownFileType = sourcecode.swift; path = CanDownloadImage.swift; sourceTree = "<group>"; };
		F2E675E92BB1B71C00F878D7 /* ArtworkListViewModel.swift */ = {isa = PBXFileReference; lastKnownFileType = sourcecode.swift; path = ArtworkListViewModel.swift; sourceTree = "<group>"; };
		F2E675EB2BB1BAFF00F878D7 /* Artwork.swift */ = {isa = PBXFileReference; lastKnownFileType = sourcecode.swift; path = Artwork.swift; sourceTree = "<group>"; };
		F2E675ED2BB1D32700F878D7 /* ArtworkCollectionViewCell.swift */ = {isa = PBXFileReference; lastKnownFileType = sourcecode.swift; path = ArtworkCollectionViewCell.swift; sourceTree = "<group>"; };
/* End PBXFileReference section */

/* Begin PBXFrameworksBuildPhase section */
		F231F9AE2BB1879C00816828 /* Frameworks */ = {
			isa = PBXFrameworksBuildPhase;
			buildActionMask = 2147483647;
			files = (
			);
			runOnlyForDeploymentPostprocessing = 0;
		};
		F251EEE92BC4945800F5B464 /* Frameworks */ = {
			isa = PBXFrameworksBuildPhase;
			buildActionMask = 2147483647;
			files = (
			);
			runOnlyForDeploymentPostprocessing = 0;
		};
/* End PBXFrameworksBuildPhase section */

/* Begin PBXGroup section */
		F231F9A82BB1879C00816828 = {
			isa = PBXGroup;
			children = (
				F251EEDB2BC4114A00F5B464 /* AppConfig.swift */,
				F251EEDA2BC4108D00F5B464 /* Config.xcconfig */,
				F251EED92BC4107B00F5B464 /* ConfigDebug.xcconfig */,
				F231F9B32BB1879C00816828 /* Muse */,
				F251EEED2BC4945800F5B464 /* MuseTests */,
				F231F9B22BB1879C00816828 /* Products */,
			);
			sourceTree = "<group>";
		};
		F231F9B22BB1879C00816828 /* Products */ = {
			isa = PBXGroup;
			children = (
				F231F9B12BB1879C00816828 /* Muse.app */,
				F251EEEC2BC4945800F5B464 /* MuseTests.xctest */,
			);
			name = Products;
			sourceTree = "<group>";
		};
		F231F9B32BB1879C00816828 /* Muse */ = {
			isa = PBXGroup;
			children = (
				F2E675E72BB1B6F300F878D7 /* Scenes */,
				F251EECE2BC40BDA00F5B464 /* Domain */,
				F251EEC92BC3FD9D00F5B464 /* MockData */,
				F251EEB22BBE0CEA00F5B464 /* Data */,
				F251EEAD2BBE09E200F5B464 /* Common */,
				F231F9B42BB1879C00816828 /* AppDelegate.swift */,
				F231F9BD2BB1879C00816828 /* Assets.xcassets */,
				F231F9BF2BB1879C00816828 /* LaunchScreen.storyboard */,
				F231F9C22BB1879C00816828 /* Info.plist */,
			);
			path = Muse;
			sourceTree = "<group>";
		};
		F251EEAD2BBE09E200F5B464 /* Common */ = {
			isa = PBXGroup;
			children = (
				F251EEAE2BBE09E900F5B464 /* Views */,
				F251EF082BC4AD6D00F5B464 /* CanDownloadImage.swift */,
			);
			path = Common;
			sourceTree = "<group>";
		};
		F251EEAE2BBE09E900F5B464 /* Views */ = {
			isa = PBXGroup;
			children = (
				F251EEAB2BBE02CD00F5B464 /* HeaderCollectionReusableView.swift */,
				F251EEE12BC4368E00F5B464 /* ImageState.swift */,
			);
			path = Views;
			sourceTree = "<group>";
		};
		F251EEB22BBE0CEA00F5B464 /* Data */ = {
			isa = PBXGroup;
			children = (
				F251EF062BC4ACD200F5B464 /* ArtCollection */,
			);
			path = Data;
			sourceTree = "<group>";
		};
		F251EEC92BC3FD9D00F5B464 /* MockData */ = {
			isa = PBXGroup;
			children = (
				F251EECA2BC3FDB900F5B464 /* MockArtworks.swift */,
			);
			path = MockData;
			sourceTree = "<group>";
		};
		F251EECE2BC40BDA00F5B464 /* Domain */ = {
			isa = PBXGroup;
			children = (
				F251EF072BC4ACE400F5B464 /* ArtCollection */,
			);
			path = Domain;
			sourceTree = "<group>";
		};
		F251EED52BC40D1300F5B464 /* Webservice */ = {
			isa = PBXGroup;
			children = (
				F251EEBC2BBEB7C100F5B464 /* ArtCollectionWebservice.swift */,
				F251EED32BC40CC100F5B464 /* ArtCollectionWebserviceProtocol.swift */,
				F251EED12BC40C9300F5B464 /* WebserviceError.swift */,
			);
			path = Webservice;
			sourceTree = "<group>";
		};
		F251EED62BC40D2800F5B464 /* Model */ = {
			isa = PBXGroup;
			children = (
				F251EEBE2BBEB7E000F5B464 /* GetCollectionResponse.swift */,
				F251EEB32BBE0DE600F5B464 /* ArtObject.swift */,
				F251EEB72BBE123800F5B464 /* WebImage.swift */,
			);
			path = Model;
			sourceTree = "<group>";
		};
		F251EEDD2BC4165800F5B464 /* Model */ = {
			isa = PBXGroup;
			children = (
				F2E675EB2BB1BAFF00F878D7 /* Artwork.swift */,
				F251EEAF2BBE0A2E00F5B464 /* ArtworkType.swift */,
			);
			path = Model;
			sourceTree = "<group>";
		};
		F251EEDE2BC4175B00F5B464 /* Usecase */ = {
			isa = PBXGroup;
			children = (
				F251EECF2BC40BE800F5B464 /* GetPortraits.swift */,
				F251EEDF2BC4183100F5B464 /* GetLandscapes.swift */,
				F251EEE62BC446BC00F5B464 /* GetArtworksProtocol.swift */,
			);
			path = Usecase;
			sourceTree = "<group>";
		};
		F251EEED2BC4945800F5B464 /* MuseTests */ = {
			isa = PBXGroup;
			children = (
				F251EEF72BC4957F00F5B464 /* Mocks */,
				F251EEF52BC4949D00F5B464 /* GetPortraitsTests.swift */,
			);
			path = MuseTests;
			sourceTree = "<group>";
		};
		F251EEF72BC4957F00F5B464 /* Mocks */ = {
			isa = PBXGroup;
			children = (
				F251EEFB2BC4977500F5B464 /* MockArtCollectionWebservice.swift */,
			);
			path = Mocks;
			sourceTree = "<group>";
		};
		F251EEFD2BC4A81B00F5B464 /* Artwork */ = {
			isa = PBXGroup;
			children = (
				F251EEFE2BC4A84C00F5B464 /* ArtworkViewController.swift */,
				F251EF002BC4A89700F5B464 /* ArtworkViewModel.swift */,
			);
			path = Artwork;
			sourceTree = "<group>";
		};
		F251EF062BC4ACD200F5B464 /* ArtCollection */ = {
			isa = PBXGroup;
			children = (
				F251EED52BC40D1300F5B464 /* Webservice */,
				F251EED62BC40D2800F5B464 /* Model */,
			);
			path = ArtCollection;
			sourceTree = "<group>";
		};
		F251EF072BC4ACE400F5B464 /* ArtCollection */ = {
			isa = PBXGroup;
			children = (
				F251EEDE2BC4175B00F5B464 /* Usecase */,
				F251EEDD2BC4165800F5B464 /* Model */,
			);
			path = ArtCollection;
			sourceTree = "<group>";
		};
		F2E675E72BB1B6F300F878D7 /* Scenes */ = {
			isa = PBXGroup;
			children = (
				F251EEFD2BC4A81B00F5B464 /* Artwork */,
				F2E675E82BB1B6FF00F878D7 /* ArtworkList */,
			);
			path = Scenes;
			sourceTree = "<group>";
		};
		F2E675E82BB1B6FF00F878D7 /* ArtworkList */ = {
			isa = PBXGroup;
			children = (
				F231F9B82BB1879C00816828 /* ArtworkListViewController.swift */,
				F2E675E92BB1B71C00F878D7 /* ArtworkListViewModel.swift */,
				F2E675ED2BB1D32700F878D7 /* ArtworkCollectionViewCell.swift */,
				F251EF042BC4AA3900F5B464 /* ArtworkListRouter.swift */,
			);
			path = ArtworkList;
			sourceTree = "<group>";
		};
/* End PBXGroup section */

/* Begin PBXNativeTarget section */
		F231F9B02BB1879C00816828 /* Muse */ = {
			isa = PBXNativeTarget;
			buildConfigurationList = F231F9C52BB1879C00816828 /* Build configuration list for PBXNativeTarget "Muse" */;
			buildPhases = (
				F231F9AD2BB1879C00816828 /* Sources */,
				F231F9AE2BB1879C00816828 /* Frameworks */,
				F231F9AF2BB1879C00816828 /* Resources */,
			);
			buildRules = (
			);
			dependencies = (
			);
			name = Muse;
			productName = Muse;
			productReference = F231F9B12BB1879C00816828 /* Muse.app */;
			productType = "com.apple.product-type.application";
		};
		F251EEEB2BC4945800F5B464 /* MuseTests */ = {
			isa = PBXNativeTarget;
			buildConfigurationList = F251EEF22BC4945800F5B464 /* Build configuration list for PBXNativeTarget "MuseTests" */;
			buildPhases = (
				F251EEE82BC4945800F5B464 /* Sources */,
				F251EEE92BC4945800F5B464 /* Frameworks */,
				F251EEEA2BC4945800F5B464 /* Resources */,
			);
			buildRules = (
			);
			dependencies = (
				F251EEF12BC4945800F5B464 /* PBXTargetDependency */,
			);
			name = MuseTests;
			productName = MuseTests;
			productReference = F251EEEC2BC4945800F5B464 /* MuseTests.xctest */;
			productType = "com.apple.product-type.bundle.unit-test";
		};
/* End PBXNativeTarget section */

/* Begin PBXProject section */
		F231F9A92BB1879C00816828 /* Project object */ = {
			isa = PBXProject;
			attributes = {
				BuildIndependentTargetsInParallel = 1;
				LastSwiftUpdateCheck = 1530;
				LastUpgradeCheck = 1530;
				TargetAttributes = {
					F231F9B02BB1879C00816828 = {
						CreatedOnToolsVersion = 15.3;
					};
					F251EEEB2BC4945800F5B464 = {
						CreatedOnToolsVersion = 15.3;
						LastSwiftMigration = 1530;
						TestTargetID = F231F9B02BB1879C00816828;
					};
				};
			};
			buildConfigurationList = F231F9AC2BB1879C00816828 /* Build configuration list for PBXProject "Muse" */;
			compatibilityVersion = "Xcode 14.0";
			developmentRegion = en;
			hasScannedForEncodings = 0;
			knownRegions = (
				en,
				Base,
			);
			mainGroup = F231F9A82BB1879C00816828;
			productRefGroup = F231F9B22BB1879C00816828 /* Products */;
			projectDirPath = "";
			projectRoot = "";
			targets = (
				F231F9B02BB1879C00816828 /* Muse */,
				F251EEEB2BC4945800F5B464 /* MuseTests */,
			);
		};
/* End PBXProject section */

/* Begin PBXResourcesBuildPhase section */
		F231F9AF2BB1879C00816828 /* Resources */ = {
			isa = PBXResourcesBuildPhase;
			buildActionMask = 2147483647;
			files = (
				F231F9BE2BB1879C00816828 /* Assets.xcassets in Resources */,
				F231F9C12BB1879C00816828 /* Base in Resources */,
			);
			runOnlyForDeploymentPostprocessing = 0;
		};
		F251EEEA2BC4945800F5B464 /* Resources */ = {
			isa = PBXResourcesBuildPhase;
			buildActionMask = 2147483647;
			files = (
			);
			runOnlyForDeploymentPostprocessing = 0;
		};
/* End PBXResourcesBuildPhase section */

/* Begin PBXSourcesBuildPhase section */
		F231F9AD2BB1879C00816828 /* Sources */ = {
			isa = PBXSourcesBuildPhase;
			buildActionMask = 2147483647;
			files = (
				F251EED02BC40BE800F5B464 /* GetPortraits.swift in Sources */,
				F251EEE72BC446BC00F5B464 /* GetArtworksProtocol.swift in Sources */,
				F251EEDC2BC4114A00F5B464 /* AppConfig.swift in Sources */,
				F251EF012BC4A89700F5B464 /* ArtworkViewModel.swift in Sources */,
				F251EECB2BC3FDB900F5B464 /* MockArtworks.swift in Sources */,
				F251EEB42BBE0DE600F5B464 /* ArtObject.swift in Sources */,
				F251EED22BC40C9300F5B464 /* WebserviceError.swift in Sources */,
				F251EF092BC4AD6D00F5B464 /* CanDownloadImage.swift in Sources */,
				F251EED42BC40CC100F5B464 /* ArtCollectionWebserviceProtocol.swift in Sources */,
				F251EEFF2BC4A84C00F5B464 /* ArtworkViewController.swift in Sources */,
				F251EEE02BC4183100F5B464 /* GetLandscapes.swift in Sources */,
				F251EEBD2BBEB7C100F5B464 /* ArtCollectionWebservice.swift in Sources */,
				F2E675EA2BB1B71C00F878D7 /* ArtworkListViewModel.swift in Sources */,
				F251EEB82BBE123800F5B464 /* WebImage.swift in Sources */,
				F251EEBF2BBEB7E000F5B464 /* GetCollectionResponse.swift in Sources */,
				F231F9B92BB1879C00816828 /* ArtworkListViewController.swift in Sources */,
				F2E675EC2BB1BAFF00F878D7 /* Artwork.swift in Sources */,
				F231F9B52BB1879C00816828 /* AppDelegate.swift in Sources */,
				F251EEB02BBE0A2E00F5B464 /* ArtworkType.swift in Sources */,
				F251EF052BC4AA3900F5B464 /* ArtworkListRouter.swift in Sources */,
				F251EEAC2BBE02CD00F5B464 /* HeaderCollectionReusableView.swift in Sources */,
				F2E675EE2BB1D32700F878D7 /* ArtworkCollectionViewCell.swift in Sources */,
				F251EEE22BC4368E00F5B464 /* ImageState.swift in Sources */,
			);
			runOnlyForDeploymentPostprocessing = 0;
		};
		F251EEE82BC4945800F5B464 /* Sources */ = {
			isa = PBXSourcesBuildPhase;
			buildActionMask = 2147483647;
			files = (
				F251EEFC2BC4977500F5B464 /* MockArtCollectionWebservice.swift in Sources */,
				F251EEF62BC4949D00F5B464 /* GetPortraitsTests.swift in Sources */,
			);
			runOnlyForDeploymentPostprocessing = 0;
		};
/* End PBXSourcesBuildPhase section */

/* Begin PBXTargetDependency section */
		F251EEF12BC4945800F5B464 /* PBXTargetDependency */ = {
			isa = PBXTargetDependency;
			target = F231F9B02BB1879C00816828 /* Muse */;
			targetProxy = F251EEF02BC4945800F5B464 /* PBXContainerItemProxy */;
		};
/* End PBXTargetDependency section */

/* Begin PBXVariantGroup section */
		F231F9BF2BB1879C00816828 /* LaunchScreen.storyboard */ = {
			isa = PBXVariantGroup;
			children = (
				F231F9C02BB1879C00816828 /* Base */,
			);
			name = LaunchScreen.storyboard;
			sourceTree = "<group>";
		};
/* End PBXVariantGroup section */

/* Begin XCBuildConfiguration section */
		F231F9C32BB1879C00816828 /* Debug */ = {
			isa = XCBuildConfiguration;
			baseConfigurationReference = F251EED92BC4107B00F5B464 /* ConfigDebug.xcconfig */;
			buildSettings = {
				ALWAYS_SEARCH_USER_PATHS = NO;
				ASSETCATALOG_COMPILER_GENERATE_SWIFT_ASSET_SYMBOL_EXTENSIONS = YES;
				CLANG_ANALYZER_NONNULL = YES;
				CLANG_ANALYZER_NUMBER_OBJECT_CONVERSION = YES_AGGRESSIVE;
				CLANG_CXX_LANGUAGE_STANDARD = "gnu++20";
				CLANG_ENABLE_MODULES = YES;
				CLANG_ENABLE_OBJC_ARC = YES;
				CLANG_ENABLE_OBJC_WEAK = YES;
				CLANG_WARN_BLOCK_CAPTURE_AUTORELEASING = YES;
				CLANG_WARN_BOOL_CONVERSION = YES;
				CLANG_WARN_COMMA = YES;
				CLANG_WARN_CONSTANT_CONVERSION = YES;
				CLANG_WARN_DEPRECATED_OBJC_IMPLEMENTATIONS = YES;
				CLANG_WARN_DIRECT_OBJC_ISA_USAGE = YES_ERROR;
				CLANG_WARN_DOCUMENTATION_COMMENTS = YES;
				CLANG_WARN_EMPTY_BODY = YES;
				CLANG_WARN_ENUM_CONVERSION = YES;
				CLANG_WARN_INFINITE_RECURSION = YES;
				CLANG_WARN_INT_CONVERSION = YES;
				CLANG_WARN_NON_LITERAL_NULL_CONVERSION = YES;
				CLANG_WARN_OBJC_IMPLICIT_RETAIN_SELF = YES;
				CLANG_WARN_OBJC_LITERAL_CONVERSION = YES;
				CLANG_WARN_OBJC_ROOT_CLASS = YES_ERROR;
				CLANG_WARN_QUOTED_INCLUDE_IN_FRAMEWORK_HEADER = YES;
				CLANG_WARN_RANGE_LOOP_ANALYSIS = YES;
				CLANG_WARN_STRICT_PROTOTYPES = YES;
				CLANG_WARN_SUSPICIOUS_MOVE = YES;
				CLANG_WARN_UNGUARDED_AVAILABILITY = YES_AGGRESSIVE;
				CLANG_WARN_UNREACHABLE_CODE = YES;
				CLANG_WARN__DUPLICATE_METHOD_MATCH = YES;
				COPY_PHASE_STRIP = NO;
				DEBUG_INFORMATION_FORMAT = dwarf;
				ENABLE_STRICT_OBJC_MSGSEND = YES;
				ENABLE_TESTABILITY = YES;
				ENABLE_USER_SCRIPT_SANDBOXING = YES;
				GCC_C_LANGUAGE_STANDARD = gnu17;
				GCC_DYNAMIC_NO_PIC = NO;
				GCC_NO_COMMON_BLOCKS = YES;
				GCC_OPTIMIZATION_LEVEL = 0;
				GCC_PREPROCESSOR_DEFINITIONS = (
					"DEBUG=1",
					"$(inherited)",
				);
				GCC_WARN_64_TO_32_BIT_CONVERSION = YES;
				GCC_WARN_ABOUT_RETURN_TYPE = YES_ERROR;
				GCC_WARN_UNDECLARED_SELECTOR = YES;
				GCC_WARN_UNINITIALIZED_AUTOS = YES_AGGRESSIVE;
				GCC_WARN_UNUSED_FUNCTION = YES;
				GCC_WARN_UNUSED_VARIABLE = YES;
				IPHONEOS_DEPLOYMENT_TARGET = 17.4;
				LOCALIZATION_PREFERS_STRING_CATALOGS = YES;
				MTL_ENABLE_DEBUG_INFO = INCLUDE_SOURCE;
				MTL_FAST_MATH = YES;
				ONLY_ACTIVE_ARCH = YES;
				SDKROOT = iphoneos;
				SWIFT_ACTIVE_COMPILATION_CONDITIONS = "DEBUG $(inherited)";
				SWIFT_OPTIMIZATION_LEVEL = "-Onone";
			};
			name = Debug;
		};
		F231F9C42BB1879C00816828 /* Release */ = {
			isa = XCBuildConfiguration;
			baseConfigurationReference = F251EED92BC4107B00F5B464 /* ConfigDebug.xcconfig */;
			buildSettings = {
				ALWAYS_SEARCH_USER_PATHS = NO;
				ASSETCATALOG_COMPILER_GENERATE_SWIFT_ASSET_SYMBOL_EXTENSIONS = YES;
				CLANG_ANALYZER_NONNULL = YES;
				CLANG_ANALYZER_NUMBER_OBJECT_CONVERSION = YES_AGGRESSIVE;
				CLANG_CXX_LANGUAGE_STANDARD = "gnu++20";
				CLANG_ENABLE_MODULES = YES;
				CLANG_ENABLE_OBJC_ARC = YES;
				CLANG_ENABLE_OBJC_WEAK = YES;
				CLANG_WARN_BLOCK_CAPTURE_AUTORELEASING = YES;
				CLANG_WARN_BOOL_CONVERSION = YES;
				CLANG_WARN_COMMA = YES;
				CLANG_WARN_CONSTANT_CONVERSION = YES;
				CLANG_WARN_DEPRECATED_OBJC_IMPLEMENTATIONS = YES;
				CLANG_WARN_DIRECT_OBJC_ISA_USAGE = YES_ERROR;
				CLANG_WARN_DOCUMENTATION_COMMENTS = YES;
				CLANG_WARN_EMPTY_BODY = YES;
				CLANG_WARN_ENUM_CONVERSION = YES;
				CLANG_WARN_INFINITE_RECURSION = YES;
				CLANG_WARN_INT_CONVERSION = YES;
				CLANG_WARN_NON_LITERAL_NULL_CONVERSION = YES;
				CLANG_WARN_OBJC_IMPLICIT_RETAIN_SELF = YES;
				CLANG_WARN_OBJC_LITERAL_CONVERSION = YES;
				CLANG_WARN_OBJC_ROOT_CLASS = YES_ERROR;
				CLANG_WARN_QUOTED_INCLUDE_IN_FRAMEWORK_HEADER = YES;
				CLANG_WARN_RANGE_LOOP_ANALYSIS = YES;
				CLANG_WARN_STRICT_PROTOTYPES = YES;
				CLANG_WARN_SUSPICIOUS_MOVE = YES;
				CLANG_WARN_UNGUARDED_AVAILABILITY = YES_AGGRESSIVE;
				CLANG_WARN_UNREACHABLE_CODE = YES;
				CLANG_WARN__DUPLICATE_METHOD_MATCH = YES;
				COPY_PHASE_STRIP = NO;
				DEBUG_INFORMATION_FORMAT = "dwarf-with-dsym";
				ENABLE_NS_ASSERTIONS = NO;
				ENABLE_STRICT_OBJC_MSGSEND = YES;
				ENABLE_USER_SCRIPT_SANDBOXING = YES;
				GCC_C_LANGUAGE_STANDARD = gnu17;
				GCC_NO_COMMON_BLOCKS = YES;
				GCC_WARN_64_TO_32_BIT_CONVERSION = YES;
				GCC_WARN_ABOUT_RETURN_TYPE = YES_ERROR;
				GCC_WARN_UNDECLARED_SELECTOR = YES;
				GCC_WARN_UNINITIALIZED_AUTOS = YES_AGGRESSIVE;
				GCC_WARN_UNUSED_FUNCTION = YES;
				GCC_WARN_UNUSED_VARIABLE = YES;
				IPHONEOS_DEPLOYMENT_TARGET = 17.4;
				LOCALIZATION_PREFERS_STRING_CATALOGS = YES;
				MTL_ENABLE_DEBUG_INFO = NO;
				MTL_FAST_MATH = YES;
				SDKROOT = iphoneos;
				SWIFT_COMPILATION_MODE = wholemodule;
				VALIDATE_PRODUCT = YES;
			};
			name = Release;
		};
		F231F9C62BB1879C00816828 /* Debug */ = {
			isa = XCBuildConfiguration;
			buildSettings = {
				ASSETCATALOG_COMPILER_APPICON_NAME = AppIcon;
				ASSETCATALOG_COMPILER_GLOBAL_ACCENT_COLOR_NAME = AccentColor;
				CODE_SIGN_STYLE = Automatic;
				CURRENT_PROJECT_VERSION = 1;
				DEVELOPMENT_TEAM = "";
				GENERATE_INFOPLIST_FILE = YES;
				INFOPLIST_FILE = Muse/Info.plist;
				INFOPLIST_KEY_UIApplicationSupportsIndirectInputEvents = YES;
				INFOPLIST_KEY_UILaunchStoryboardName = LaunchScreen;
				INFOPLIST_KEY_UISupportedInterfaceOrientations_iPad = "UIInterfaceOrientationPortrait UIInterfaceOrientationPortraitUpsideDown UIInterfaceOrientationLandscapeLeft UIInterfaceOrientationLandscapeRight";
				INFOPLIST_KEY_UISupportedInterfaceOrientations_iPhone = "UIInterfaceOrientationPortrait UIInterfaceOrientationLandscapeLeft UIInterfaceOrientationLandscapeRight";
				LD_RUNPATH_SEARCH_PATHS = (
					"$(inherited)",
					"@executable_path/Frameworks",
				);
				MARKETING_VERSION = 1.0;
				PRODUCT_BUNDLE_IDENTIFIER = com.lucium.Muse;
				PRODUCT_NAME = "$(TARGET_NAME)";
				SWIFT_EMIT_LOC_STRINGS = YES;
				SWIFT_VERSION = 5.0;
				TARGETED_DEVICE_FAMILY = "1,2";
			};
			name = Debug;
		};
		F231F9C72BB1879C00816828 /* Release */ = {
			isa = XCBuildConfiguration;
			buildSettings = {
				ASSETCATALOG_COMPILER_APPICON_NAME = AppIcon;
				ASSETCATALOG_COMPILER_GLOBAL_ACCENT_COLOR_NAME = AccentColor;
				CODE_SIGN_STYLE = Automatic;
				CURRENT_PROJECT_VERSION = 1;
				DEVELOPMENT_TEAM = "";
				GENERATE_INFOPLIST_FILE = YES;
				INFOPLIST_FILE = Muse/Info.plist;
				INFOPLIST_KEY_UIApplicationSupportsIndirectInputEvents = YES;
				INFOPLIST_KEY_UILaunchStoryboardName = LaunchScreen;
				INFOPLIST_KEY_UISupportedInterfaceOrientations_iPad = "UIInterfaceOrientationPortrait UIInterfaceOrientationPortraitUpsideDown UIInterfaceOrientationLandscapeLeft UIInterfaceOrientationLandscapeRight";
				INFOPLIST_KEY_UISupportedInterfaceOrientations_iPhone = "UIInterfaceOrientationPortrait UIInterfaceOrientationLandscapeLeft UIInterfaceOrientationLandscapeRight";
				LD_RUNPATH_SEARCH_PATHS = (
					"$(inherited)",
					"@executable_path/Frameworks",
				);
				MARKETING_VERSION = 1.0;
				PRODUCT_BUNDLE_IDENTIFIER = com.lucium.Muse;
				PRODUCT_NAME = "$(TARGET_NAME)";
				SWIFT_EMIT_LOC_STRINGS = YES;
				SWIFT_VERSION = 5.0;
				TARGETED_DEVICE_FAMILY = "1,2";
			};
			name = Release;
		};
		F251EEF32BC4945800F5B464 /* Debug */ = {
			isa = XCBuildConfiguration;
			buildSettings = {
				BUNDLE_LOADER = "$(TEST_HOST)";
				CLANG_ENABLE_MODULES = YES;
				CODE_SIGN_STYLE = Automatic;
				CURRENT_PROJECT_VERSION = 1;
				DEVELOPMENT_TEAM = 6W8T8P6246;
				GENERATE_INFOPLIST_FILE = YES;
				MARKETING_VERSION = 1.0;
				PRODUCT_BUNDLE_IDENTIFIER = com.lucium.MuseTests;
				PRODUCT_NAME = "$(TARGET_NAME)";
				SWIFT_EMIT_LOC_STRINGS = NO;
				SWIFT_OPTIMIZATION_LEVEL = "-Onone";
				SWIFT_VERSION = 5.0;
				TARGETED_DEVICE_FAMILY = "1,2";
				TEST_HOST = "$(BUILT_PRODUCTS_DIR)/Muse.app/$(BUNDLE_EXECUTABLE_FOLDER_PATH)/Muse";
			};
			name = Debug;
		};
		F251EEF42BC4945800F5B464 /* Release */ = {
			isa = XCBuildConfiguration;
			buildSettings = {
				BUNDLE_LOADER = "$(TEST_HOST)";
				CLANG_ENABLE_MODULES = YES;
				CODE_SIGN_STYLE = Automatic;
				CURRENT_PROJECT_VERSION = 1;
				DEVELOPMENT_TEAM = 6W8T8P6246;
				GENERATE_INFOPLIST_FILE = YES;
				MARKETING_VERSION = 1.0;
				PRODUCT_BUNDLE_IDENTIFIER = com.lucium.MuseTests;
				PRODUCT_NAME = "$(TARGET_NAME)";
				SWIFT_EMIT_LOC_STRINGS = NO;
				SWIFT_VERSION = 5.0;
				TARGETED_DEVICE_FAMILY = "1,2";
				TEST_HOST = "$(BUILT_PRODUCTS_DIR)/Muse.app/$(BUNDLE_EXECUTABLE_FOLDER_PATH)/Muse";
			};
			name = Release;
		};
/* End XCBuildConfiguration section */

/* Begin XCConfigurationList section */
		F231F9AC2BB1879C00816828 /* Build configuration list for PBXProject "Muse" */ = {
			isa = XCConfigurationList;
			buildConfigurations = (
				F231F9C32BB1879C00816828 /* Debug */,
				F231F9C42BB1879C00816828 /* Release */,
			);
			defaultConfigurationIsVisible = 0;
			defaultConfigurationName = Release;
		};
		F231F9C52BB1879C00816828 /* Build configuration list for PBXNativeTarget "Muse" */ = {
			isa = XCConfigurationList;
			buildConfigurations = (
				F231F9C62BB1879C00816828 /* Debug */,
				F231F9C72BB1879C00816828 /* Release */,
			);
			defaultConfigurationIsVisible = 0;
			defaultConfigurationName = Release;
		};
		F251EEF22BC4945800F5B464 /* Build configuration list for PBXNativeTarget "MuseTests" */ = {
			isa = XCConfigurationList;
			buildConfigurations = (
				F251EEF32BC4945800F5B464 /* Debug */,
				F251EEF42BC4945800F5B464 /* Release */,
			);
			defaultConfigurationIsVisible = 0;
			defaultConfigurationName = Release;
		};
/* End XCConfigurationList section */
	};
	rootObject = F231F9A92BB1879C00816828 /* Project object */;
}
